
Microsoft Visual Studio Solution File, Format Version 12.00
# Visual Studio Version 17
VisualStudioVersion = 17.5.002.0
MinimumVisualStudioVersion = 10.0.40219.1
Project("{9A19103F-16F7-4668-BE54-9A1E7A4F7556}") = "XrapovSort", "XrapovSort.csproj", "{AB41EA15-EA4C-4B03-97C6-BE03BACC1DAB}"
EndProject
Global
	GlobalSection(SolutionConfigurationPlatforms) = preSolution
		Debug|Any CPU = Debug|Any CPU
		Release|Any CPU = Release|Any CPU
	EndGlobalSection
	GlobalSection(ProjectConfigurationPlatforms) = postSolution
		{AB41EA15-EA4C-4B03-97C6-BE03BACC1DAB}.Debug|Any CPU.ActiveCfg = Debug|Any CPU
		{AB41EA15-EA4C-4B03-97C6-BE03BACC1DAB}.Debug|Any CPU.Build.0 = Debug|Any CPU
		{AB41EA15-EA4C-4B03-97C6-BE03BACC1DAB}.Release|Any CPU.ActiveCfg = Release|Any CPU
		{AB41EA15-EA4C-4B03-97C6-BE03BACC1DAB}.Release|Any CPU.Build.0 = Release|Any CPU
	EndGlobalSection
	GlobalSection(SolutionProperties) = preSolution
		HideSolutionNode = FALSE
	EndGlobalSection
	GlobalSection(ExtensibilityGlobals) = postSolution
		SolutionGuid = {0569BE5B-D1CB-40C4-AA38-E416CEB61753}
	EndGlobalSection
EndGlobal
